{
  "name": "@red-cup-engineering/federated-capability-offer-discovery-cell",
  "version": "0.3.0",
  "lockfileVersion": 3,
  "requires": true,
  "packages": {
    "": {
      "name": "@red-cup-engineering/federated-capability-offer-discovery-cell",
      "version": "0.3.0",
      "license": "Apache-2.0",
      "dependencies": {
        "@a2a-js/sdk": "1.0.0-beta.0",
        "@emsenn/a2a-contracted-agent-service": "file:../../../a2a-services-section/services/a2a-contracted-agent-service",
        "@emsenn/a2a-sovereign-operation-boundary-service": "file:../../../a2a-services-section/services/a2a-sovereign-operation-boundary-service",
        "@emsenn/activitypub-services-section": "file:../../../activitypub-services-section",
        "@emsenn/rmn-semantic-conformance": "file:../../../../../../../lenticule-science/services/obsmetrological-services-section/services/rmn-semantic-conformance",
        "@emsenn/rwil-rdf-services": "file:../../../../../../../lenticule-science/services/obsmetrological-services-section/services/rwil-rdf-services"
      },
      "bin": {
        "serve-federated-capability-offer-discovery": "bin/server.mjs",
        "serve-federated-capability-offer-discovery-activitypub": "bin/activitypub-server.mjs"
      },
      "engines": {
        "node": ">=22"
      }
    },
    "../../../../../../../lenticule-science/services/obsmetrological-services-section/services/rmn-semantic-conformance": {
      "name": "@emsenn/rmn-semantic-conformance",
      "version": "6.0.0",
      "dependencies": {
        "@a2a-js/sdk": "1.0.0-beta.0",
        "@emsenn/a2a-agent-card-key-service": "file:../../../../../red-cup-engineering/services/web-services-section/services/a2a-services-section/services/a2a-agent-card-key-service",
        "@emsenn/a2a-contracted-agent-service": "file:../../../../../red-cup-engineering/services/web-services-section/services/a2a-services-section/services/a2a-contracted-agent-service",
        "@emsenn/a2a-rmn-part-service": "file:../../../../../red-cup-engineering/services/web-services-section/services/a2a-services-section/services/a2a-rmn-part-service",
        "@emsenn/a2a-rmn-task-client-service": "file:../../../../../red-cup-engineering/services/web-services-section/services/a2a-services-section/services/a2a-rmn-task-client-service",
        "@emsenn/rmn-semantic-conformance-die": "https://github.com/emsenn/rmn-semantic-conformance-die/releases/download/v6.0.0/emsenn-rmn-semantic-conformance-die-6.0.0.tgz"
      },
      "bin": {
        "serve-rmn-a2a": "bin/server.mjs"
      },
      "engines": {
        "node": ">=20"
      }
    },
    "../../../../../../../lenticule-science/services/obsmetrological-services-section/services/rwil-rdf-services": {
      "name": "@emsenn/rwil-rdf-services",
      "version": "1.0.0",
      "dependencies": {
        "@a2a-js/sdk": "1.0.0-beta.0",
        "@emsenn/a2a-agent-card-key-service": "file:../../../../../red-cup-engineering/services/web-services-section/services/a2a-services-section/services/a2a-agent-card-key-service",
        "@emsenn/a2a-contracted-agent-service": "file:../../../../../red-cup-engineering/services/web-services-section/services/a2a-services-section/services/a2a-contracted-agent-service",
        "@emsenn/a2a-rmn-part-service": "file:../../../../../red-cup-engineering/services/web-services-section/services/a2a-services-section/services/a2a-rmn-part-service",
        "@emsenn/rmn-semantic-conformance": "file:../rmn-semantic-conformance",
        "rdf-canonize": "5.0.0"
      },
      "bin": {
        "serve-rwil-rdf-a2a": "bin/server.mjs"
      },
      "engines": {
        "node": ">=20"
      }
    },
    "../../../a2a-services-section/services/a2a-contracted-agent-service": {
      "name": "@emsenn/a2a-contracted-agent-service",
      "version": "1.0.0",
      "dependencies": {
        "@a2a-js/sdk": "1.0.0-beta.0",
        "@emsenn/a2a-agent-card-discovery-service": "file:../a2a-agent-card-discovery-service",
        "@emsenn/a2a-agent-card-key-service": "file:../a2a-agent-card-key-service",
        "@emsenn/a2a-rmn-part-service": "file:../a2a-rmn-part-service",
        "@emsenn/a2a-rmn-task-client-service": "file:../a2a-rmn-task-client-service",
        "express": "5.1.0",
        "jose": "6.2.3"
      },
      "bin": {
        "serve-contracted-a2a-agent": "src/serve-contracted-agent.mjs"
      }
    },
    "../../../a2a-services-section/services/a2a-sovereign-operation-boundary-service": {
      "name": "@emsenn/a2a-sovereign-operation-boundary-service",
      "version": "1.0.0",
      "license": "Apache-2.0",
      "dependencies": {
        "@a2a-js/sdk": "1.0.0-beta.0",
        "@emsenn/a2a-rmn-part-service": "file:../a2a-rmn-part-service",
        "@emsenn/rmn-semantic-conformance": "file:../../../../../../../lenticule-science/services/obsmetrological-services-section/services/rmn-semantic-conformance"
      },
      "engines": {
        "node": ">=22"
      }
    },
    "../../../activitypub-services-section": {
      "name": "@emsenn/activitypub-services-section",
      "version": "1.0.0",
      "dependencies": {
        "@fedify/fedify": "2.3.1",
        "@fedify/sqlite": "2.3.1",
        "@fedify/vocab": "2.3.1",
        "@hono/node-server": "1.19.14"
      },
      "bin": {
        "deliver-activitypub-activity": "src/deliver.mjs",
        "generate-activitypub-keys": "src/keys.mjs",
        "serve-activitypub-provider": "src/server.mjs"
      },
      "engines": {
        "node": ">=22"
      }
    },
    "node_modules/@a2a-js/sdk": {
      "version": "1.0.0-beta.0",
      "resolved": "https://registry.npmjs.org/@a2a-js/sdk/-/sdk-1.0.0-beta.0.tgz",
      "integrity": "sha512-1k2GJdATg0ZJMNVD0jqox+oE5teUaUbJWx5ooSW2i3hA/B00Ev6kK3hZuxcsoZYbYvp8eAyppU3rvjTpglzdcg==",
      "license": "Apache-2.0",
      "dependencies": {
        "jose": "^6.2.3",
        "uuid": "^11.1.0"
      },
      "engines": {
        "node": ">=20"
      },
      "peerDependencies": {
        "@bufbuild/protobuf": "^2.10.2",
        "@grpc/grpc-js": "^1.11.0",
        "express": "^4.21.2 || ^5.1.0"
      },
      "peerDependenciesMeta": {
        "@bufbuild/protobuf": {
          "optional": true
        },
        "@grpc/grpc-js": {
          "optional": true
        },
        "express": {
          "optional": true
        }
      }
    },
    "node_modules/@emsenn/a2a-contracted-agent-service": {
      "resolved": "../../../a2a-services-section/services/a2a-contracted-agent-service",
      "link": true
    },
    "node_modules/@emsenn/a2a-sovereign-operation-boundary-service": {
      "resolved": "../../../a2a-services-section/services/a2a-sovereign-operation-boundary-service",
      "link": true
    },
    "node_modules/@emsenn/activitypub-services-section": {
      "resolved": "../../../activitypub-services-section",
      "link": true
    },
    "node_modules/@emsenn/rmn-semantic-conformance": {
      "resolved": "../../../../../../../lenticule-science/services/obsmetrological-services-section/services/rmn-semantic-conformance",
      "link": true
    },
    "node_modules/@emsenn/rwil-rdf-services": {
      "resolved": "../../../../../../../lenticule-science/services/obsmetrological-services-section/services/rwil-rdf-services",
      "link": true
    },
    "node_modules/jose": {
      "version": "6.2.4",
      "resolved": "https://registry.npmjs.org/jose/-/jose-6.2.4.tgz",
      "integrity": "sha512-N8acGzVsQy6M/fjFcxtysNc4Q379TcM5dM/qKkNtsHFji88yANnXTr7BLeP75iPnFwBfQzM/jg2BZ9+HZrHCZA==",
      "license": "MIT",
      "funding": {
        "url": "https://github.com/sponsors/panva"
      }
    },
    "node_modules/uuid": {
      "version": "11.1.1",
      "resolved": "https://registry.npmjs.org/uuid/-/uuid-11.1.1.tgz",
      "integrity": "sha512-vIYxrBCC/N/K+Js3qSN88go7kIfNPssr/hHCesKCQNAjmgvYS2oqr69kIufEG+O4+PfezOH4EbIeHCfFov8ZgQ==",
      "funding": [
        "https://github.com/sponsors/broofa",
        "https://github.com/sponsors/ctavan"
      ],
      "license": "MIT",
      "bin": {
        "uuid": "dist/esm/bin/uuid"
      }
    }
  }
}
